
Microsoft Visual Studio Solution File, Format Version 12.00
# Visual Studio Version 17
VisualStudioVersion = 17.5.002.0
MinimumVisualStudioVersion = 10.0.40219.1
Project("{9A19103F-16F7-4668-BE54-9A1E7A4F7556}") = "PizzaStore", "PizzaStore.csproj", "{62DCA274-CD63-4B3F-9BE8-34894B14A57A}"
EndProject
Global
	GlobalSection(SolutionConfigurationPlatforms) = preSolution
		Debug|Any CPU = Debug|Any CPU
		Release|Any CPU = Release|Any CPU
	EndGlobalSection
	GlobalSection(ProjectConfigurationPlatforms) = postSolution
		{62DCA274-CD63-4B3F-9BE8-34894B14A57A}.Debug|Any CPU.ActiveCfg = Debug|Any CPU
		{62DCA274-CD63-4B3F-9BE8-34894B14A57A}.Debug|Any CPU.Build.0 = Debug|Any CPU
		{62DCA274-CD63-4B3F-9BE8-34894B14A57A}.Release|Any CPU.ActiveCfg = Release|Any CPU
		{62DCA274-CD63-4B3F-9BE8-34894B14A57A}.Release|Any CPU.Build.0 = Release|Any CPU
	EndGlobalSection
	GlobalSection(SolutionProperties) = preSolution
		HideSolutionNode = FALSE
	EndGlobalSection
	GlobalSection(ExtensibilityGlobals) = postSolution
		SolutionGuid = {4A276C87-7CEF-4BA7-BA4E-3F1C34AB4094}
	EndGlobalSection
EndGlobal
